// !$*UTF8*$!
{
	archiveVersion = 1;
	classes = {
	};
	objectVersion = 46;
	objects = {

/* Begin PBXBuildFile section */
		29906A601F1D40E00029D1EB /* WavefrontRenderer.cpp in Sources */ = {isa = PBXBuildFile; fileRef = 29906A5E1F1D40E00029D1EB /* WavefrontRenderer.cpp */; };
		29906A621F1D45F60029D1EB /* cube.obj in Resources */ = {isa = PBXBuildFile; fileRef = 29906A611F1D45F60029D1EB /* cube.obj */; };
		29906A641F1D569D0029D1EB /* ducky.obj in Resources */ = {isa = PBXBuildFile; fileRef = 29906A631F1D569D0029D1EB /* ducky.obj */; };
		29906A661F1D5C850029D1EB /* cub2.obj in Resources */ = {isa = PBXBuildFile; fileRef = 29906A651F1D5C850029D1EB /* cub2.obj */; };
		29906A681F1D6C340029D1EB /* humanoid_tri.obj in Resources */ = {isa = PBXBuildFile; fileRef = 29906A671F1D6C340029D1EB /* humanoid_tri.obj */; };
		29906A6A1F1D6DB60029D1EB /* humanoid_quad.obj in Resources */ = {isa = PBXBuildFile; fileRef = 29906A691F1D6DB60029D1EB /* humanoid_quad.obj */; };
		29B13C8D1F1E0D310078B4D6 /* main.cpp in Sources */ = {isa = PBXBuildFile; fileRef = 29B13C8C1F1E0D310078B4D6 /* main.cpp */; };
		29B13C981F1E0EEE0078B4D6 /* libgtest_main.a in Frameworks */ = {isa = PBXBuildFile; fileRef = 29B13C941F1E0D660078B4D6 /* libgtest_main.a */; };
		29B13C9A1F1E0EF60078B4D6 /* libgtest.a in Frameworks */ = {isa = PBXBuildFile; fileRef = 29B13C931F1E0D660078B4D6 /* libgtest.a */; };
		29B13C9B1F1E0EF90078B4D6 /* gtest.framework in Frameworks */ = {isa = PBXBuildFile; fileRef = 29B13C921F1E0D660078B4D6 /* gtest.framework */; };
		29B13C9C1F1E10A00078B4D6 /* gtest.framework in CopyFiles */ = {isa = PBXBuildFile; fileRef = 29B13C921F1E0D660078B4D6 /* gtest.framework */; };
		29B13C9D1F1E10A00078B4D6 /* libgtest.a in CopyFiles */ = {isa = PBXBuildFile; fileRef = 29B13C931F1E0D660078B4D6 /* libgtest.a */; };
		29B13C9E1F1E10A00078B4D6 /* libgtest_main.a in CopyFiles */ = {isa = PBXBuildFile; fileRef = 29B13C941F1E0D660078B4D6 /* libgtest_main.a */; };
		29B13CA01F1E119A0078B4D6 /* WavefrontFileReaderTest.cpp in Sources */ = {isa = PBXBuildFile; fileRef = 29B13C9F1F1E119A0078B4D6 /* WavefrontFileReaderTest.cpp */; };
		29B13CA11F1E25500078B4D6 /* WavefrontFileReader.cpp in Sources */ = {isa = PBXBuildFile; fileRef = 29ECB08D1F1CF7AD006FCA6C /* WavefrontFileReader.cpp */; };
		29B13CA41F1E256E0078B4D6 /* OpenGL.framework in Frameworks */ = {isa = PBXBuildFile; fileRef = 29B13CA31F1E256E0078B4D6 /* OpenGL.framework */; };
		29B13CA61F1E25860078B4D6 /* GLKit.framework in Frameworks */ = {isa = PBXBuildFile; fileRef = 29B13CA51F1E25860078B4D6 /* GLKit.framework */; };
		29B13CA71F1E30440078B4D6 /* cube.obj in CopyFiles */ = {isa = PBXBuildFile; fileRef = 29906A611F1D45F60029D1EB /* cube.obj */; };
		29B13CA81F1E360A0078B4D6 /* WavefrontRenderer.cpp in Sources */ = {isa = PBXBuildFile; fileRef = 29906A5E1F1D40E00029D1EB /* WavefrontRenderer.cpp */; };
		29B13CAC1F1E37300078B4D6 /* WavefrontRendererTest.cpp in Sources */ = {isa = PBXBuildFile; fileRef = 29B13CAB1F1E37300078B4D6 /* WavefrontRendererTest.cpp */; };
		29B13CAD1F1E3F7F0078B4D6 /* humanoid_tri.obj in CopyFiles */ = {isa = PBXBuildFile; fileRef = 29906A671F1D6C340029D1EB /* humanoid_tri.obj */; };
		29B13CAE1F1E3F7F0078B4D6 /* humanoid_quad.obj in CopyFiles */ = {isa = PBXBuildFile; fileRef = 29906A691F1D6DB60029D1EB /* humanoid_quad.obj */; };
		29B13CAF1F1E417D0078B4D6 /* ducky.obj in CopyFiles */ = {isa = PBXBuildFile; fileRef = 29906A631F1D569D0029D1EB /* ducky.obj */; };
		29ECB0691F1CF1FD006FCA6C /* main.m in Sources */ = {isa = PBXBuildFile; fileRef = 29ECB0681F1CF1FD006FCA6C /* main.m */; };
		29ECB06C1F1CF1FD006FCA6C /* AppDelegate.m in Sources */ = {isa = PBXBuildFile; fileRef = 29ECB06B1F1CF1FD006FCA6C /* AppDelegate.m */; };
		29ECB06F1F1CF1FD006FCA6C /* ViewController.mm in Sources */ = {isa = PBXBuildFile; fileRef = 29ECB06E1F1CF1FD006FCA6C /* ViewController.mm */; };
		29ECB0721F1CF1FD006FCA6C /* Main.storyboard in Resources */ = {isa = PBXBuildFile; fileRef = 29ECB0701F1CF1FD006FCA6C /* Main.storyboard */; };
		29ECB0741F1CF1FD006FCA6C /* Assets.xcassets in Resources */ = {isa = PBXBuildFile; fileRef = 29ECB0731F1CF1FD006FCA6C /* Assets.xcassets */; };
		29ECB0771F1CF1FE006FCA6C /* LaunchScreen.storyboard in Resources */ = {isa = PBXBuildFile; fileRef = 29ECB0751F1CF1FE006FCA6C /* LaunchScreen.storyboard */; };
		29ECB0831F1CF367006FCA6C /* Shader.vsh in Resources */ = {isa = PBXBuildFile; fileRef = 29ECB0821F1CF367006FCA6C /* Shader.vsh */; };
		29ECB0851F1CF36D006FCA6C /* Shader.fsh in Resources */ = {isa = PBXBuildFile; fileRef = 29ECB0841F1CF36D006FCA6C /* Shader.fsh */; };
		29ECB0891F1CF574006FCA6C /* GLKit.framework in Frameworks */ = {isa = PBXBuildFile; fileRef = 29ECB0871F1CF574006FCA6C /* GLKit.framework */; };
		29ECB08A1F1CF574006FCA6C /* OpenGLES.framework in Frameworks */ = {isa = PBXBuildFile; fileRef = 29ECB0881F1CF574006FCA6C /* OpenGLES.framework */; };
		29ECB08F1F1CF7AD006FCA6C /* WavefrontFileReader.cpp in Sources */ = {isa = PBXBuildFile; fileRef = 29ECB08D1F1CF7AD006FCA6C /* WavefrontFileReader.cpp */; };
		AD1A05EA1F30C66400636DC2 /* WavefrontObject.cpp in Sources */ = {isa = PBXBuildFile; fileRef = AD1A05E81F30C66400636DC2 /* WavefrontObject.cpp */; };
/* End PBXBuildFile section */

/* Begin PBXCopyFilesBuildPhase section */
		29B13C881F1E0D310078B4D6 /* CopyFiles */ = {
			isa = PBXCopyFilesBuildPhase;
			buildActionMask = 12;
			dstPath = "";
			dstSubfolderSpec = 16;
			files = (
				29B13CAF1F1E417D0078B4D6 /* ducky.obj in CopyFiles */,
				29B13CAD1F1E3F7F0078B4D6 /* humanoid_tri.obj in CopyFiles */,
				29B13CAE1F1E3F7F0078B4D6 /* humanoid_quad.obj in CopyFiles */,
				29B13CA71F1E30440078B4D6 /* cube.obj in CopyFiles */,
				29B13C9C1F1E10A00078B4D6 /* gtest.framework in CopyFiles */,
				29B13C9D1F1E10A00078B4D6 /* libgtest.a in CopyFiles */,
				29B13C9E1F1E10A00078B4D6 /* libgtest_main.a in CopyFiles */,
			);
			runOnlyForDeploymentPostprocessing = 0;
		};
/* End PBXCopyFilesBuildPhase section */

/* Begin PBXFileReference section */
		29906A5E1F1D40E00029D1EB /* WavefrontRenderer.cpp */ = {isa = PBXFileReference; fileEncoding = 4; lastKnownFileType = sourcecode.cpp.cpp; path = WavefrontRenderer.cpp; sourceTree = "<group>"; };
		29906A5F1F1D40E00029D1EB /* WavefrontRenderer.h */ = {isa = PBXFileReference; fileEncoding = 4; lastKnownFileType = sourcecode.c.h; path = WavefrontRenderer.h; sourceTree = "<group>"; };
		29906A611F1D45F60029D1EB /* cube.obj */ = {isa = PBXFileReference; fileEncoding = 4; lastKnownFileType = text; path = cube.obj; sourceTree = "<group>"; };
		29906A631F1D569D0029D1EB /* ducky.obj */ = {isa = PBXFileReference; fileEncoding = 4; lastKnownFileType = text; path = ducky.obj; sourceTree = "<group>"; };
		29906A651F1D5C850029D1EB /* cub2.obj */ = {isa = PBXFileReference; fileEncoding = 4; lastKnownFileType = text; path = cub2.obj; sourceTree = "<group>"; };
		29906A671F1D6C340029D1EB /* humanoid_tri.obj */ = {isa = PBXFileReference; fileEncoding = 4; lastKnownFileType = text; path = humanoid_tri.obj; sourceTree = "<group>"; };
		29906A691F1D6DB60029D1EB /* humanoid_quad.obj */ = {isa = PBXFileReference; fileEncoding = 4; lastKnownFileType = text; path = humanoid_quad.obj; sourceTree = "<group>"; };
		29B13C8A1F1E0D310078B4D6 /* GTest */ = {isa = PBXFileReference; explicitFileType = "compiled.mach-o.executable"; includeInIndex = 0; path = GTest; sourceTree = BUILT_PRODUCTS_DIR; };
		29B13C8C1F1E0D310078B4D6 /* main.cpp */ = {isa = PBXFileReference; lastKnownFileType = sourcecode.cpp.cpp; path = main.cpp; sourceTree = "<group>"; };
		29B13C921F1E0D660078B4D6 /* gtest.framework */ = {isa = PBXFileReference; lastKnownFileType = wrapper.framework; path = gtest.framework; sourceTree = "<group>"; };
		29B13C931F1E0D660078B4D6 /* libgtest.a */ = {isa = PBXFileReference; lastKnownFileType = archive.ar; path = libgtest.a; sourceTree = "<group>"; };
		29B13C941F1E0D660078B4D6 /* libgtest_main.a */ = {isa = PBXFileReference; lastKnownFileType = archive.ar; path = libgtest_main.a; sourceTree = "<group>"; };
		29B13C9F1F1E119A0078B4D6 /* WavefrontFileReaderTest.cpp */ = {isa = PBXFileReference; fileEncoding = 4; lastKnownFileType = sourcecode.cpp.cpp; path = WavefrontFileReaderTest.cpp; sourceTree = "<group>"; };
		29B13CA31F1E256E0078B4D6 /* OpenGL.framework */ = {isa = PBXFileReference; lastKnownFileType = wrapper.framework; name = OpenGL.framework; path = Platforms/MacOSX.platform/Developer/SDKs/MacOSX10.12.sdk/System/Library/Frameworks/OpenGL.framework; sourceTree = DEVELOPER_DIR; };
		29B13CA51F1E25860078B4D6 /* GLKit.framework */ = {isa = PBXFileReference; lastKnownFileType = wrapper.framework; name = GLKit.framework; path = Platforms/MacOSX.platform/Developer/SDKs/MacOSX10.12.sdk/System/Library/Frameworks/GLKit.framework; sourceTree = DEVELOPER_DIR; };
		29B13CAB1F1E37300078B4D6 /* WavefrontRendererTest.cpp */ = {isa = PBXFileReference; fileEncoding = 4; lastKnownFileType = sourcecode.cpp.cpp; path = WavefrontRendererTest.cpp; sourceTree = "<group>"; };
		29ECB0641F1CF1FD006FCA6C /* WavefrontViewer.app */ = {isa = PBXFileReference; explicitFileType = wrapper.application; includeInIndex = 0; path = WavefrontViewer.app; sourceTree = BUILT_PRODUCTS_DIR; };
		29ECB0681F1CF1FD006FCA6C /* main.m */ = {isa = PBXFileReference; lastKnownFileType = sourcecode.c.objc; path = main.m; sourceTree = "<group>"; };
		29ECB06A1F1CF1FD006FCA6C /* AppDelegate.h */ = {isa = PBXFileReference; lastKnownFileType = sourcecode.c.h; path = AppDelegate.h; sourceTree = "<group>"; };
		29ECB06B1F1CF1FD006FCA6C /* AppDelegate.m */ = {isa = PBXFileReference; lastKnownFileType = sourcecode.c.objc; path = AppDelegate.m; sourceTree = "<group>"; };
		29ECB06D1F1CF1FD006FCA6C /* ViewController.h */ = {isa = PBXFileReference; lastKnownFileType = sourcecode.c.h; path = ViewController.h; sourceTree = "<group>"; };
		29ECB06E1F1CF1FD006FCA6C /* ViewController.mm */ = {isa = PBXFileReference; lastKnownFileType = sourcecode.cpp.objcpp; path = ViewController.mm; sourceTree = "<group>"; };
		29ECB0711F1CF1FD006FCA6C /* Base */ = {isa = PBXFileReference; lastKnownFileType = file.storyboard; name = Base; path = Base.lproj/Main.storyboard; sourceTree = "<group>"; };
		29ECB0731F1CF1FD006FCA6C /* Assets.xcassets */ = {isa = PBXFileReference; lastKnownFileType = folder.assetcatalog; path = Assets.xcassets; sourceTree = "<group>"; };
		29ECB0761F1CF1FE006FCA6C /* Base */ = {isa = PBXFileReference; lastKnownFileType = file.storyboard; name = Base; path = Base.lproj/LaunchScreen.storyboard; sourceTree = "<group>"; };
		29ECB0781F1CF1FE006FCA6C /* Info.plist */ = {isa = PBXFileReference; lastKnownFileType = text.plist.xml; path = Info.plist; sourceTree = "<group>"; };
		29ECB0821F1CF367006FCA6C /* Shader.vsh */ = {isa = PBXFileReference; fileEncoding = 4; lastKnownFileType = sourcecode.glsl; path = Shader.vsh; sourceTree = "<group>"; };
		29ECB0841F1CF36D006FCA6C /* Shader.fsh */ = {isa = PBXFileReference; fileEncoding = 4; lastKnownFileType = sourcecode.glsl; path = Shader.fsh; sourceTree = "<group>"; };
		29ECB0871F1CF574006FCA6C /* GLKit.framework */ = {isa = PBXFileReference; lastKnownFileType = wrapper.framework; name = GLKit.framework; path = System/Library/Frameworks/GLKit.framework; sourceTree = SDKROOT; };
		29ECB0881F1CF574006FCA6C /* OpenGLES.framework */ = {isa = PBXFileReference; lastKnownFileType = wrapper.framework; name = OpenGLES.framework; path = System/Library/Frameworks/OpenGLES.framework; sourceTree = SDKROOT; };
		29ECB08D1F1CF7AD006FCA6C /* WavefrontFileReader.cpp */ = {isa = PBXFileReference; fileEncoding = 4; lastKnownFileType = sourcecode.cpp.cpp; path = WavefrontFileReader.cpp; sourceTree = "<group>"; };
		29ECB08E1F1CF7AD006FCA6C /* WavefrontFileReader.h */ = {isa = PBXFileReference; fileEncoding = 4; lastKnownFileType = sourcecode.c.h; path = WavefrontFileReader.h; sourceTree = "<group>"; };
		29ECB0901F1CF7CE006FCA6C /* types.h */ = {isa = PBXFileReference; lastKnownFileType = sourcecode.c.h; path = types.h; sourceTree = "<group>"; };
		AD1A05E41F30C26200636DC2 /* IObject.h */ = {isa = PBXFileReference; lastKnownFileType = sourcecode.c.h; path = IObject.h; sourceTree = "<group>"; };
		AD1A05E81F30C66400636DC2 /* WavefrontObject.cpp */ = {isa = PBXFileReference; fileEncoding = 4; lastKnownFileType = sourcecode.cpp.cpp; path = WavefrontObject.cpp; sourceTree = "<group>"; };
		AD1A05E91F30C66400636DC2 /* WavefrontObject.hpp */ = {isa = PBXFileReference; fileEncoding = 4; lastKnownFileType = sourcecode.cpp.h; path = WavefrontObject.hpp; sourceTree = "<group>"; };
/* End PBXFileReference section */

/* Begin PBXFrameworksBuildPhase section */
		29B13C871F1E0D310078B4D6 /* Frameworks */ = {
			isa = PBXFrameworksBuildPhase;
			buildActionMask = 2147483647;
			files = (
				29B13CA61F1E25860078B4D6 /* GLKit.framework in Frameworks */,
				29B13CA41F1E256E0078B4D6 /* OpenGL.framework in Frameworks */,
				29B13C981F1E0EEE0078B4D6 /* libgtest_main.a in Frameworks */,
				29B13C9B1F1E0EF90078B4D6 /* gtest.framework in Frameworks */,
				29B13C9A1F1E0EF60078B4D6 /* libgtest.a in Frameworks */,
			);
			runOnlyForDeploymentPostprocessing = 0;
		};
		29ECB0611F1CF1FD006FCA6C /* Frameworks */ = {
			isa = PBXFrameworksBuildPhase;
			buildActionMask = 2147483647;
			files = (
				29ECB0891F1CF574006FCA6C /* GLKit.framework in Frameworks */,
				29ECB08A1F1CF574006FCA6C /* OpenGLES.framework in Frameworks */,
			);
			runOnlyForDeploymentPostprocessing = 0;
		};
/* End PBXFrameworksBuildPhase section */

/* Begin PBXGroup section */
		29B13C8B1F1E0D310078B4D6 /* GTest */ = {
			isa = PBXGroup;
			children = (
				29B13C911F1E0D660078B4D6 /* Dependencies */,
				29B13C8C1F1E0D310078B4D6 /* main.cpp */,
				29B13C9F1F1E119A0078B4D6 /* WavefrontFileReaderTest.cpp */,
				29B13CAB1F1E37300078B4D6 /* WavefrontRendererTest.cpp */,
			);
			path = GTest;
			sourceTree = "<group>";
		};
		29B13C911F1E0D660078B4D6 /* Dependencies */ = {
			isa = PBXGroup;
			children = (
				29B13C921F1E0D660078B4D6 /* gtest.framework */,
				29B13C931F1E0D660078B4D6 /* libgtest.a */,
				29B13C941F1E0D660078B4D6 /* libgtest_main.a */,
			);
			path = Dependencies;
			sourceTree = "<group>";
		};
		29ECB05B1F1CF1FD006FCA6C = {
			isa = PBXGroup;
			children = (
				29ECB0661F1CF1FD006FCA6C /* WavefrontViewer */,
				29B13C8B1F1E0D310078B4D6 /* GTest */,
				29ECB0651F1CF1FD006FCA6C /* Products */,
				29ECB0861F1CF574006FCA6C /* Frameworks */,
			);
			sourceTree = "<group>";
		};
		29ECB0651F1CF1FD006FCA6C /* Products */ = {
			isa = PBXGroup;
			children = (
				29ECB0641F1CF1FD006FCA6C /* WavefrontViewer.app */,
				29B13C8A1F1E0D310078B4D6 /* GTest */,
			);
			name = Products;
			sourceTree = "<group>";
		};
		29ECB0661F1CF1FD006FCA6C /* WavefrontViewer */ = {
			isa = PBXGroup;
			children = (
				29ECB06A1F1CF1FD006FCA6C /* AppDelegate.h */,
				29ECB06B1F1CF1FD006FCA6C /* AppDelegate.m */,
				29ECB06D1F1CF1FD006FCA6C /* ViewController.h */,
				29ECB06E1F1CF1FD006FCA6C /* ViewController.mm */,
				29ECB0701F1CF1FD006FCA6C /* Main.storyboard */,
				29ECB0731F1CF1FD006FCA6C /* Assets.xcassets */,
				29ECB0751F1CF1FE006FCA6C /* LaunchScreen.storyboard */,
				29ECB0781F1CF1FE006FCA6C /* Info.plist */,
				29ECB08C1F1CF799006FCA6C /* core */,
				29ECB0811F1CF34F006FCA6C /* Resources */,
				29ECB0671F1CF1FD006FCA6C /* Supporting Files */,
			);
			path = WavefrontViewer;
			sourceTree = "<group>";
		};
		29ECB0671F1CF1FD006FCA6C /* Supporting Files */ = {
			isa = PBXGroup;
			children = (
				29ECB0681F1CF1FD006FCA6C /* main.m */,
			);
			name = "Supporting Files";
			sourceTree = "<group>";
		};
		29ECB0811F1CF34F006FCA6C /* Resources */ = {
			isa = PBXGroup;
			children = (
				29906A611F1D45F60029D1EB /* cube.obj */,
				29906A631F1D569D0029D1EB /* ducky.obj */,
				29906A651F1D5C850029D1EB /* cub2.obj */,
				29906A671F1D6C340029D1EB /* humanoid_tri.obj */,
				29906A691F1D6DB60029D1EB /* humanoid_quad.obj */,
				29ECB0841F1CF36D006FCA6C /* Shader.fsh */,
				29ECB0821F1CF367006FCA6C /* Shader.vsh */,
			);
			path = Resources;
			sourceTree = "<group>";
		};
		29ECB0861F1CF574006FCA6C /* Frameworks */ = {
			isa = PBXGroup;
			children = (
				29B13CA51F1E25860078B4D6 /* GLKit.framework */,
				29B13CA31F1E256E0078B4D6 /* OpenGL.framework */,
				29ECB0871F1CF574006FCA6C /* GLKit.framework */,
				29ECB0881F1CF574006FCA6C /* OpenGLES.framework */,
			);
			name = Frameworks;
			sourceTree = "<group>";
		};
		29ECB08C1F1CF799006FCA6C /* core */ = {
			isa = PBXGroup;
			children = (
				29ECB08D1F1CF7AD006FCA6C /* WavefrontFileReader.cpp */,
				29ECB08E1F1CF7AD006FCA6C /* WavefrontFileReader.h */,
				29ECB0901F1CF7CE006FCA6C /* types.h */,
				29906A5E1F1D40E00029D1EB /* WavefrontRenderer.cpp */,
				29906A5F1F1D40E00029D1EB /* WavefrontRenderer.h */,
				AD1A05E41F30C26200636DC2 /* IObject.h */,
				AD1A05E81F30C66400636DC2 /* WavefrontObject.cpp */,
				AD1A05E91F30C66400636DC2 /* WavefrontObject.hpp */,
			);
			path = core;
			sourceTree = "<group>";
		};
/* End PBXGroup section */

/* Begin PBXNativeTarget section */
		29B13C891F1E0D310078B4D6 /* GTest */ = {
			isa = PBXNativeTarget;
			buildConfigurationList = 29B13C8E1F1E0D310078B4D6 /* Build configuration list for PBXNativeTarget "GTest" */;
			buildPhases = (
				29B13C861F1E0D310078B4D6 /* Sources */,
				29B13C871F1E0D310078B4D6 /* Frameworks */,
				29B13C881F1E0D310078B4D6 /* CopyFiles */,
			);
			buildRules = (
			);
			dependencies = (
			);
			name = GTest;
			productName = GTest;
			productReference = 29B13C8A1F1E0D310078B4D6 /* GTest */;
			productType = "com.apple.product-type.tool";
		};
		29ECB0631F1CF1FD006FCA6C /* WavefrontViewer */ = {
			isa = PBXNativeTarget;
			buildConfigurationList = 29ECB07B1F1CF1FE006FCA6C /* Build configuration list for PBXNativeTarget "WavefrontViewer" */;
			buildPhases = (
				29ECB0601F1CF1FD006FCA6C /* Sources */,
				29ECB0611F1CF1FD006FCA6C /* Frameworks */,
				29ECB0621F1CF1FD006FCA6C /* Resources */,
			);
			buildRules = (
			);
			dependencies = (
			);
			name = WavefrontViewer;
			productName = WavefrontViewer;
			productReference = 29ECB0641F1CF1FD006FCA6C /* WavefrontViewer.app */;
			productType = "com.apple.product-type.application";
		};
/* End PBXNativeTarget section */

/* Begin PBXProject section */
		29ECB05C1F1CF1FD006FCA6C /* Project object */ = {
			isa = PBXProject;
			attributes = {
				LastUpgradeCheck = 0830;
				ORGANIZATIONNAME = "Marius Sincovici";
				TargetAttributes = {
					29B13C891F1E0D310078B4D6 = {
						CreatedOnToolsVersion = 8.3.3;
						ProvisioningStyle = Automatic;
					};
					29ECB0631F1CF1FD006FCA6C = {
						CreatedOnToolsVersion = 8.3.3;
						ProvisioningStyle = Automatic;
					};
				};
			};
			buildConfigurationList = 29ECB05F1F1CF1FD006FCA6C /* Build configuration list for PBXProject "WavefrontViewer" */;
			compatibilityVersion = "Xcode 3.2";
			developmentRegion = English;
			hasScannedForEncodings = 0;
			knownRegions = (
				en,
				Base,
			);
			mainGroup = 29ECB05B1F1CF1FD006FCA6C;
			productRefGroup = 29ECB0651F1CF1FD006FCA6C /* Products */;
			projectDirPath = "";
			projectRoot = "";
			targets = (
				29ECB0631F1CF1FD006FCA6C /* WavefrontViewer */,
				29B13C891F1E0D310078B4D6 /* GTest */,
			);
		};
/* End PBXProject section */

/* Begin PBXResourcesBuildPhase section */
		29ECB0621F1CF1FD006FCA6C /* Resources */ = {
			isa = PBXResourcesBuildPhase;
			buildActionMask = 2147483647;
			files = (
				29906A621F1D45F60029D1EB /* cube.obj in Resources */,
				29906A6A1F1D6DB60029D1EB /* humanoid_quad.obj in Resources */,
				29ECB0831F1CF367006FCA6C /* Shader.vsh in Resources */,
				29ECB0771F1CF1FE006FCA6C /* LaunchScreen.storyboard in Resources */,
				29ECB0741F1CF1FD006FCA6C /* Assets.xcassets in Resources */,
				29906A681F1D6C340029D1EB /* humanoid_tri.obj in Resources */,
				29906A641F1D569D0029D1EB /* ducky.obj in Resources */,
				29906A661F1D5C850029D1EB /* cub2.obj in Resources */,
				29ECB0721F1CF1FD006FCA6C /* Main.storyboard in Resources */,
				29ECB0851F1CF36D006FCA6C /* Shader.fsh in Resources */,
			);
			runOnlyForDeploymentPostprocessing = 0;
		};
/* End PBXResourcesBuildPhase section */

/* Begin PBXSourcesBuildPhase section */
		29B13C861F1E0D310078B4D6 /* Sources */ = {
			isa = PBXSourcesBuildPhase;
			buildActionMask = 2147483647;
			files = (
				29B13C8D1F1E0D310078B4D6 /* main.cpp in Sources */,
				29B13CA81F1E360A0078B4D6 /* WavefrontRenderer.cpp in Sources */,
				29B13CAC1F1E37300078B4D6 /* WavefrontRendererTest.cpp in Sources */,
				29B13CA01F1E119A0078B4D6 /* WavefrontFileReaderTest.cpp in Sources */,
				29B13CA11F1E25500078B4D6 /* WavefrontFileReader.cpp in Sources */,
			);
			runOnlyForDeploymentPostprocessing = 0;
		};
		29ECB0601F1CF1FD006FCA6C /* Sources */ = {
			isa = PBXSourcesBuildPhase;
			buildActionMask = 2147483647;
			files = (
				29906A601F1D40E00029D1EB /* WavefrontRenderer.cpp in Sources */,
				29ECB06F1F1CF1FD006FCA6C /* ViewController.mm in Sources */,
				29ECB06C1F1CF1FD006FCA6C /* AppDelegate.m in Sources */,
				29ECB0691F1CF1FD006FCA6C /* main.m in Sources */,
				29ECB08F1F1CF7AD006FCA6C /* WavefrontFileReader.cpp in Sources */,
				AD1A05EA1F30C66400636DC2 /* WavefrontObject.cpp in Sources */,
			);
			runOnlyForDeploymentPostprocessing = 0;
		};
/* End PBXSourcesBuildPhase section */

/* Begin PBXVariantGroup section */
		29ECB0701F1CF1FD006FCA6C /* Main.storyboard */ = {
			isa = PBXVariantGroup;
			children = (
				29ECB0711F1CF1FD006FCA6C /* Base */,
			);
			name = Main.storyboard;
			sourceTree = "<group>";
		};
		29ECB0751F1CF1FE006FCA6C /* LaunchScreen.storyboard */ = {
			isa = PBXVariantGroup;
			children = (
				29ECB0761F1CF1FE006FCA6C /* Base */,
			);
			name = LaunchScreen.storyboard;
			sourceTree = "<group>";
		};
/* End PBXVariantGroup section */

/* Begin XCBuildConfiguration section */
		29B13C8F1F1E0D310078B4D6 /* Debug */ = {
			isa = XCBuildConfiguration;
			buildSettings = {
				CODE_SIGN_IDENTITY = "-";
				FRAMEWORK_SEARCH_PATHS = (
					"$(inherited)",
					"$(PROJECT_DIR)/GTest/Dependencies",
				);
				GCC_PREPROCESSOR_DEFINITIONS = "DEBUG=1";
				LIBRARY_SEARCH_PATHS = (
					"$(inherited)",
					"$(PROJECT_DIR)/GTest/Dependencies",
				);
				MACOSX_DEPLOYMENT_TARGET = 10.12;
				PRODUCT_NAME = "$(TARGET_NAME)";
				SDKROOT = macosx;
			};
			name = Debug;
		};
		29B13C901F1E0D310078B4D6 /* Release */ = {
			isa = XCBuildConfiguration;
			buildSettings = {
				CODE_SIGN_IDENTITY = "-";
				FRAMEWORK_SEARCH_PATHS = (
					"$(inherited)",
					"$(PROJECT_DIR)/GTest/Dependencies",
				);
				GCC_PREPROCESSOR_DEFINITIONS = NO_OPENGL;
				LIBRARY_SEARCH_PATHS = (
					"$(inherited)",
					"$(PROJECT_DIR)/GTest/Dependencies",
				);
				MACOSX_DEPLOYMENT_TARGET = 10.12;
				PRODUCT_NAME = "$(TARGET_NAME)";
				SDKROOT = macosx;
			};
			name = Release;
		};
		29ECB0791F1CF1FE006FCA6C /* Debug */ = {
			isa = XCBuildConfiguration;
			buildSettings = {
				ALWAYS_SEARCH_USER_PATHS = NO;
				CLANG_ANALYZER_NONNULL = YES;
				CLANG_ANALYZER_NUMBER_OBJECT_CONVERSION = YES_AGGRESSIVE;
				CLANG_CXX_LANGUAGE_STANDARD = "gnu++0x";
				CLANG_CXX_LIBRARY = "libc++";
				CLANG_ENABLE_MODULES = YES;
				CLANG_ENABLE_OBJC_ARC = YES;
				CLANG_WARN_BOOL_CONVERSION = YES;
				CLANG_WARN_CONSTANT_CONVERSION = YES;
				CLANG_WARN_DIRECT_OBJC_ISA_USAGE = YES_ERROR;
				CLANG_WARN_DOCUMENTATION_COMMENTS = YES;
				CLANG_WARN_EMPTY_BODY = YES;
				CLANG_WARN_ENUM_CONVERSION = YES;
				CLANG_WARN_INFINITE_RECURSION = YES;
				CLANG_WARN_INT_CONVERSION = YES;
				CLANG_WARN_OBJC_ROOT_CLASS = YES_ERROR;
				CLANG_WARN_SUSPICIOUS_MOVE = YES;
				CLANG_WARN_UNREACHABLE_CODE = YES;
				CLANG_WARN__DUPLICATE_METHOD_MATCH = YES;
				"CODE_SIGN_IDENTITY[sdk=iphoneos*]" = "iPhone Developer";
				COPY_PHASE_STRIP = NO;
				DEBUG_INFORMATION_FORMAT = dwarf;
				ENABLE_STRICT_OBJC_MSGSEND = YES;
				ENABLE_TESTABILITY = YES;
				GCC_C_LANGUAGE_STANDARD = gnu99;
				GCC_DYNAMIC_NO_PIC = NO;
				GCC_NO_COMMON_BLOCKS = YES;
				GCC_OPTIMIZATION_LEVEL = 0;
				GCC_PREPROCESSOR_DEFINITIONS = (
					"DEBUG=1",
					"$(inherited)",
				);
				GCC_WARN_64_TO_32_BIT_CONVERSION = YES;
				GCC_WARN_ABOUT_RETURN_TYPE = YES_ERROR;
				GCC_WARN_UNDECLARED_SELECTOR = YES;
				GCC_WARN_UNINITIALIZED_AUTOS = YES_AGGRESSIVE;
				GCC_WARN_UNUSED_FUNCTION = YES;
				GCC_WARN_UNUSED_VARIABLE = YES;
				IPHONEOS_DEPLOYMENT_TARGET = 10.3;
				MTL_ENABLE_DEBUG_INFO = YES;
				ONLY_ACTIVE_ARCH = YES;
				SDKROOT = iphoneos;
				TARGETED_DEVICE_FAMILY = "1,2";
			};
			name = Debug;
		};
		29ECB07A1F1CF1FE006FCA6C /* Release */ = {
			isa = XCBuildConfiguration;
			buildSettings = {
				ALWAYS_SEARCH_USER_PATHS = NO;
				CLANG_ANALYZER_NONNULL = YES;
				CLANG_ANALYZER_NUMBER_OBJECT_CONVERSION = YES_AGGRESSIVE;
				CLANG_CXX_LANGUAGE_STANDARD = "gnu++0x";
				CLANG_CXX_LIBRARY = "libc++";
				CLANG_ENABLE_MODULES = YES;
				CLANG_ENABLE_OBJC_ARC = YES;
				CLANG_WARN_BOOL_CONVERSION = YES;
				CLANG_WARN_CONSTANT_CONVERSION = YES;
				CLANG_WARN_DIRECT_OBJC_ISA_USAGE = YES_ERROR;
				CLANG_WARN_DOCUMENTATION_COMMENTS = YES;
				CLANG_WARN_EMPTY_BODY = YES;
				CLANG_WARN_ENUM_CONVERSION = YES;
				CLANG_WARN_INFINITE_RECURSION = YES;
				CLANG_WARN_INT_CONVERSION = YES;
				CLANG_WARN_OBJC_ROOT_CLASS = YES_ERROR;
				CLANG_WARN_SUSPICIOUS_MOVE = YES;
				CLANG_WARN_UNREACHABLE_CODE = YES;
				CLANG_WARN__DUPLICATE_METHOD_MATCH = YES;
				"CODE_SIGN_IDENTITY[sdk=iphoneos*]" = "iPhone Developer";
				COPY_PHASE_STRIP = NO;
				DEBUG_INFORMATION_FORMAT = "dwarf-with-dsym";
				ENABLE_NS_ASSERTIONS = NO;
				ENABLE_STRICT_OBJC_MSGSEND = YES;
				GCC_C_LANGUAGE_STANDARD = gnu99;
				GCC_NO_COMMON_BLOCKS = YES;
				GCC_WARN_64_TO_32_BIT_CONVERSION = YES;
				GCC_WARN_ABOUT_RETURN_TYPE = YES_ERROR;
				GCC_WARN_UNDECLARED_SELECTOR = YES;
				GCC_WARN_UNINITIALIZED_AUTOS = YES_AGGRESSIVE;
				GCC_WARN_UNUSED_FUNCTION = YES;
				GCC_WARN_UNUSED_VARIABLE = YES;
				IPHONEOS_DEPLOYMENT_TARGET = 10.3;
				MTL_ENABLE_DEBUG_INFO = NO;
				SDKROOT = iphoneos;
				TARGETED_DEVICE_FAMILY = "1,2";
				VALIDATE_PRODUCT = YES;
			};
			name = Release;
		};
		29ECB07C1F1CF1FE006FCA6C /* Debug */ = {
			isa = XCBuildConfiguration;
			buildSettings = {
				ASSETCATALOG_COMPILER_APPICON_NAME = AppIcon;
				"CODE_SIGN_IDENTITY[sdk=iphoneos*]" = "";
				DSTROOT = "$(LOCAL_APPS_DIR)";
				FRAMEWORK_SEARCH_PATHS = (
					"$(inherited)",
					"$(PROJECT_DIR)/gtests/Dependencies",
				);
				INFOPLIST_FILE = WavefrontViewer/Info.plist;
				INSTALL_PATH = "";
				IPHONEOS_DEPLOYMENT_TARGET = 10.1;
				LD_RUNPATH_SEARCH_PATHS = "$(inherited) @executable_path/Frameworks";
				LIBRARY_SEARCH_PATHS = (
					"$(inherited)",
					"$(PROJECT_DIR)/gtests/Dependencies",
				);
				PRODUCT_BUNDLE_IDENTIFIER = marius.WavefrontViewer;
				PRODUCT_NAME = "$(TARGET_NAME)";
			};
			name = Debug;
		};
		29ECB07D1F1CF1FE006FCA6C /* Release */ = {
			isa = XCBuildConfiguration;
			buildSettings = {
				ASSETCATALOG_COMPILER_APPICON_NAME = AppIcon;
				"CODE_SIGN_IDENTITY[sdk=iphoneos*]" = "";
				DSTROOT = "$(LOCAL_APPS_DIR)";
				FRAMEWORK_SEARCH_PATHS = (
					"$(inherited)",
					"$(PROJECT_DIR)/gtests/Dependencies",
				);
				INFOPLIST_FILE = WavefrontViewer/Info.plist;
				INSTALL_PATH = "";
				IPHONEOS_DEPLOYMENT_TARGET = 10.1;
				LD_RUNPATH_SEARCH_PATHS = "$(inherited) @executable_path/Frameworks";
				LIBRARY_SEARCH_PATHS = (
					"$(inherited)",
					"$(PROJECT_DIR)/gtests/Dependencies",
				);
				PRODUCT_BUNDLE_IDENTIFIER = marius.WavefrontViewer;
				PRODUCT_NAME = "$(TARGET_NAME)";
			};
			name = Release;
		};
/* End XCBuildConfiguration section */

/* Begin XCConfigurationList section */
		29B13C8E1F1E0D310078B4D6 /* Build configuration list for PBXNativeTarget "GTest" */ = {
			isa = XCConfigurationList;
			buildConfigurations = (
				29B13C8F1F1E0D310078B4D6 /* Debug */,
				29B13C901F1E0D310078B4D6 /* Release */,
			);
			defaultConfigurationIsVisible = 0;
			defaultConfigurationName = Release;
		};
		29ECB05F1F1CF1FD006FCA6C /* Build configuration list for PBXProject "WavefrontViewer" */ = {
			isa = XCConfigurationList;
			buildConfigurations = (
				29ECB0791F1CF1FE006FCA6C /* Debug */,
				29ECB07A1F1CF1FE006FCA6C /* Release */,
			);
			defaultConfigurationIsVisible = 0;
			defaultConfigurationName = Release;
		};
		29ECB07B1F1CF1FE006FCA6C /* Build configuration list for PBXNativeTarget "WavefrontViewer" */ = {
			isa = XCConfigurationList;
			buildConfigurations = (
				29ECB07C1F1CF1FE006FCA6C /* Debug */,
				29ECB07D1F1CF1FE006FCA6C /* Release */,
			);
			defaultConfigurationIsVisible = 0;
			defaultConfigurationName = Release;
		};
/* End XCConfigurationList section */
	};
	rootObject = 29ECB05C1F1CF1FD006FCA6C /* Project object */;
}
